
Microsoft Visual Studio Solution File, Format Version 12.00
# Visual Studio 15
VisualStudioVersion = 15.0.27703.2018
MinimumVisualStudioVersion = 10.0.40219.1
Project("{FAE04EC0-301F-11D3-BF4B-00C04F79EFBC}") = "CalcTests", "CalcTests\CalcTests.csproj", "{18A7F0FB-C565-4EEA-B121-DEB43A5E84ED}"
EndProject
Global
	GlobalSection(SolutionConfigurationPlatforms) = preSolution
		Debug|Any CPU = Debug|Any CPU
		Release|Any CPU = Release|Any CPU
	EndGlobalSection
	GlobalSection(ProjectConfigurationPlatforms) = postSolution
		{18A7F0FB-C565-4EEA-B121-DEB43A5E84ED}.Debug|Any CPU.ActiveCfg = Debug|Any CPU
		{18A7F0FB-C565-4EEA-B121-DEB43A5E84ED}.Debug|Any CPU.Build.0 = Debug|Any CPU
		{18A7F0FB-C565-4EEA-B121-DEB43A5E84ED}.Release|Any CPU.ActiveCfg = Release|Any CPU
		{18A7F0FB-C565-4EEA-B121-DEB43A5E84ED}.Release|Any CPU.Build.0 = Release|Any CPU
	EndGlobalSection
	GlobalSection(SolutionProperties) = preSolution
		HideSolutionNode = FALSE
	EndGlobalSection
	GlobalSection(ExtensibilityGlobals) = postSolution
		SolutionGuid = {67C5CA4B-098C-41D7-A8B3-044C54BA74F0}
	EndGlobalSection
EndGlobal
